
Microsoft Visual Studio Solution File, Format Version 12.00
# Visual Studio Version 17
VisualStudioVersion = 17.1.32203.90
MinimumVisualStudioVersion = 10.0.40219.1
Project("{9A19103F-16F7-4668-BE54-9A1E7A4F7556}") = "BibliotecaBackend", "BibliotecaBackend.csproj", "{0B69B965-DE00-4BAC-8790-0FFD7D02C645}"
EndProject
Project("{FAE04EC0-301F-11D3-BF4B-00C04F79EFBC}") = "BibliotecaBackend.Tests", "..\BibliotecaBackend.Tests\BibliotecaBackend.Tests.csproj", "{19FE01EF-6BED-49D0-866B-894CB2F43B4D}"
EndProject
Project("{2150E333-8FDC-42A3-9474-1A3956D46DE8}") = "Solution Items", "Solution Items", "{2603F8CC-C736-4860-ABE2-49580156DB48}"
	ProjectSection(SolutionItems) = preProject
		..\README.md = ..\README.md
	EndProjectSection
EndProject
Global
	GlobalSection(SolutionConfigurationPlatforms) = preSolution
		Debug|Any CPU = Debug|Any CPU
		Release|Any CPU = Release|Any CPU
	EndGlobalSection
	GlobalSection(ProjectConfigurationPlatforms) = postSolution
		{0B69B965-DE00-4BAC-8790-0FFD7D02C645}.Debug|Any CPU.ActiveCfg = Debug|Any CPU
		{0B69B965-DE00-4BAC-8790-0FFD7D02C645}.Debug|Any CPU.Build.0 = Debug|Any CPU
		{0B69B965-DE00-4BAC-8790-0FFD7D02C645}.Release|Any CPU.ActiveCfg = Release|Any CPU
		{0B69B965-DE00-4BAC-8790-0FFD7D02C645}.Release|Any CPU.Build.0 = Release|Any CPU
		{19FE01EF-6BED-49D0-866B-894CB2F43B4D}.Debug|Any CPU.ActiveCfg = Debug|Any CPU
		{19FE01EF-6BED-49D0-866B-894CB2F43B4D}.Debug|Any CPU.Build.0 = Debug|Any CPU
		{19FE01EF-6BED-49D0-866B-894CB2F43B4D}.Release|Any CPU.ActiveCfg = Release|Any CPU
		{19FE01EF-6BED-49D0-866B-894CB2F43B4D}.Release|Any CPU.Build.0 = Release|Any CPU
	EndGlobalSection
	GlobalSection(SolutionProperties) = preSolution
		HideSolutionNode = FALSE
	EndGlobalSection
	GlobalSection(ExtensibilityGlobals) = postSolution
		SolutionGuid = {810E4C7D-EBE5-4E2E-9B11-05E6D38CF6D0}
	EndGlobalSection
EndGlobal
